{
    "_meta": {
        "hash": {
            "sha256": "cf580540b7056073b7d1c55ffcb6cfb54c279e727934da298784fa1b4f690072"
        },
        "pipfile-spec": 6,
        "requires": {
            "python_version": "3.6"
        },
        "sources": [
            {
                "name": "pypi",
                "url": "https://pypi.org/simple",
                "verify_ssl": true
            }
        ]
    },
    "default": {
        "amqp": {
            "hashes": [
                "sha256:6e649ca13a7df3faacdc8bbb280aa9a6602d22fd9d545336077e573a1f4ff3b8",
                "sha256:77f1aef9410698d20eaeac5b73a87817365f457a507d82edf292e12cbb83b08d"
            ],
            "index": "pypi",
            "version": "==2.5.2"
        },
        "appdirs": {
            "hashes": [
                "sha256:9e5896d1372858f8dd3344faf4e5014d21849c756c8d5701f78f8a103b372d92",
                "sha256:d8b24664561d0d34ddfaec54636d502d7cea6e29c3eaf68f3df6180863e2166e"
            ],
            "index": "pypi",
            "version": "==1.4.3"
        },
        "billiard": {
            "hashes": [
                "sha256:01afcb4e7c4fd6480940cfbd4d9edc19d7a7509d6ada533984d0d0f49901ec82",
                "sha256:b8809c74f648dfe69b973c8e660bcec00603758c9db8ba89d7719f88d5f01f26"
            ],
            "index": "pypi",
            "version": "==3.6.1.0"
        },
        "celery": {
            "hashes": [
                "sha256:7c544f37a84a5eadc44cab1aa8c9580dff94636bb81978cdf9bf8012d9ea7d8f",
                "sha256:d3363bb5df72d74420986a435449f3c3979285941dff57d5d97ecba352a0e3e2"
            ],
            "index": "pypi",
            "version": "==4.4.0"
        },
        "certifi": {
            "hashes": [
                "sha256:017c25db2a153ce562900032d5bc68e9f191e44e9a0f762f373977de9df1fbb3",
                "sha256:25b64c7da4cd7479594d035c08c2d809eb4aab3a26e5a990ea98cc450c320f1f"
            ],
            "index": "pypi",
            "version": "==2019.11.28"
        },
        "chardet": {
            "hashes": [
                "sha256:84ab92ed1c4d4f16916e05906b6b75a6c0fb5db821cc65e70cbd64a3e2a5eaae",
                "sha256:fc323ffcaeaed0e0a02bf4d117757b98aed530d9ed4531e3e15460124c106691"
            ],
            "index": "pypi",
            "version": "==3.0.4"
        },
        "click": {
            "hashes": [
                "sha256:2335065e6395b9e67ca716de5f7526736bfa6ceead690adf616d925bdc622b13",
                "sha256:5b94b49521f6456670fdb30cd82a4eca9412788a93fa6dd6df72c94d5a8ff2d7"
            ],
            "index": "pypi",
            "version": "==7.0"
        },
        "dnspython": {
            "hashes": [
                "sha256:36c5e8e38d4369a08b6780b7f27d790a292b2b08eea01607865bf0936c558e01",
                "sha256:f69c21288a962f4da86e56c4905b49d11aba7938d3d740e80d9e366ee4f1632d"
            ],
            "index": "pypi",
            "version": "==1.16.0"
        },
        "eventlet": {
            "hashes": [
                "sha256:658b1cd80937adc1a4860de2841e0528f64e2ca672885c4e00fc0e2217bde6b1",
                "sha256:6c9c625af48424c4680d89314dbe45a76cc990cf002489f9469ff214b044ffc1"
            ],
            "index": "pypi",
            "version": "==0.25.1"
        },
        "flask": {
            "hashes": [
                "sha256:13f9f196f330c7c2c5d7a5cf91af894110ca0215ac051b5844701f2bfd934d52",
                "sha256:45eb5a6fd193d6cf7e0cf5d8a5b31f83d5faae0293695626f539a823e93b13f6"
            ],
            "index": "pypi",
            "version": "==1.1.1"
        },
        "flask-assets": {
            "hashes": [
                "sha256:1dfdea35e40744d46aada72831f7613d67bf38e8b20ccaaa9e91fdc37aa3b8c2",
                "sha256:2845bd3b479be9db8556801e7ebc2746ce2d9edb4e7b64a1c786ecbfc1e5867b"
            ],
            "index": "pypi",
            "version": "==2.0"
        },
        "flask-compress": {
            "hashes": [
                "sha256:468693f4ddd11ac6a41bca4eb5f94b071b763256d54136f77957cfee635badb3"
            ],
            "index": "pypi",
            "version": "==1.4.0"
        },
        "flask-json": {
            "hashes": [
                "sha256:470835a9df80c283e3cc0a82fef376ba1be712f711ec385332b3e045a7cc91a8",
                "sha256:6bf46b1ebc68f3a085ee955e43c872c299f05cc97d681d88cf3178b816fd200a"
            ],
            "index": "pypi",
            "version": "==0.3.4"
        },
        "flask-marshmallow": {
            "hashes": [
                "sha256:4f507f883838b397638a3a36c7d36ee146b255a49db952f5d9de3f6f4522e8a8",
                "sha256:69e99e3a123393894884a032ae2d11e6bdf4519a505819b66cec7eda32057741"
            ],
            "index": "pypi",
            "version": "==0.10.1"
        },
        "flask-minify": {
            "hashes": [
                "sha256:67f854c98bcdfca77b0dd9c812bb947dee4e790f155938499d3c8a033995389b",
                "sha256:cb8ef148287d933f6ae0437beb4e40c517b76b5ca548034afad497313c2e2136"
            ],
            "index": "pypi",
            "version": "==0.15"
        },
        "flask-socketio": {
            "hashes": [
                "sha256:2172dff1e42415ba480cee02c30c2fc833671ff326f1598ee3d69aa02cf768ec",
                "sha256:7ff5b2f5edde23e875a8b0abf868584e5706e11741557449bc5147df2cd78268"
            ],
            "index": "pypi",
            "version": "==4.2.1"
        },
        "flask-sqlalchemy": {
            "hashes": [
                "sha256:0078d8663330dc05a74bc72b3b6ddc441b9a744e2f56fe60af1a5bfc81334327",
                "sha256:6974785d913666587949f7c2946f7001e4fa2cb2d19f4e69ead02e4b8f50b33d"
            ],
            "index": "pypi",
            "version": "==2.4.1"
        },
        "greenlet": {
            "hashes": [
                "sha256:1000038ba0ea9032948e2156a9c15f5686f36945e8f9906e6b8db49f358e7b52",
                "sha256:133ba06bad4e5f2f8bf6a0ac434e0fd686df749a86b3478903b92ec3a9c0c90b",
                "sha256:1429dc183b36ec972055e13250d96e174491559433eb3061691b446899b87384",
                "sha256:1b805231bfb7b2900a16638c3c8b45c694334c811f84463e52451e00c9412691",
                "sha256:3a35e33902b2e6079949feed7a2dafa5ac6f019da97bd255842bb22de3c11bf5",
                "sha256:5ea034d040e6ab1d2ae04ab05a3f37dbd719c4dee3804b13903d4cc794b1336e",
                "sha256:682328aa576ec393c1872615bcb877cf32d800d4a2f150e1a5dc7e56644010b1",
                "sha256:6e06eac722676797e8fce4adb8ad3dc57a1bb3adfb0dd3fdf8306c055a38456c",
                "sha256:7eed31f4efc8356e200568ba05ad645525f1fbd8674f1e5be61a493e715e3873",
                "sha256:80cb0380838bf4e48da6adedb0c7cd060c187bb4a75f67a5aa9ec33689b84872",
                "sha256:b0b2a984bbfc543d144d88caad6cc7ff4a71be77102014bd617bd88cfb038727",
                "sha256:c196a5394c56352e21cb7224739c6dd0075b69dd56f758505951d1d8d68cf8a9",
                "sha256:d83c1d38658b0f81c282b41238092ed89d8f93c6e342224ab73fb39e16848721",
                "sha256:df7de669cbf21de4b04a3ffc9920bc8426cab4c61365fa84d79bf97401a8bef7",
                "sha256:e5db19d4a7d41bbeb3dd89b49fc1bc7e6e515b51bbf32589c618655a0ebe0bf0",
                "sha256:e695ac8c3efe124d998230b219eb51afb6ef10524a50b3c45109c4b77a8a3a92",
                "sha256:eac2a3f659d5f41d6bbfb6a97733bc7800ea5e906dc873732e00cebb98cec9e4"
            ],
            "version": "==0.4.16"
        },
        "gunicorn": {
            "hashes": [
                "sha256:1904bb2b8a43658807108d59c3f3d56c2b6121a701161de0ddf9ad140073c626",
                "sha256:cd4a810dd51bf497552cf3f863b575dabd73d6ad6a91075b65936b151cbf4f9c"
            ],
            "index": "pypi",
            "version": "==20.0.4"
        },
        "htmlmin": {
            "hashes": [
                "sha256:50c1ef4630374a5d723900096a961cff426dff46b48f34d194a81bbe14eca178"
            ],
            "version": "==0.1.12"
        },
        "humanize": {
            "hashes": [
                "sha256:a43f57115831ac7c70de098e6ac46ac13be00d69abbf60bdcac251344785bb19"
            ],
            "index": "pypi",
            "version": "==0.5.1"
        },
        "idna": {
            "hashes": [
                "sha256:c357b3f628cf53ae2c4c05627ecc484553142ca23264e593d327bcde5e9c3407",
                "sha256:ea8b7f6188e6fa117537c3df7da9fc686d485087abf6ac197f9c46432f7e4a3c"
            ],
            "index": "pypi",
            "version": "==2.8"
        },
        "importlib-metadata": {
            "hashes": [
                "sha256:90bb658cdbbf6d1735b6341ce708fc7024a3e14e99ffdc5783edea9f9b077f83",
                "sha256:dc15b2969b4ce36305c51eebe62d418ac7791e9a157911d58bfb1f9ccd8e2070"
            ],
            "markers": "python_version < '3.8'",
            "version": "==1.7.0"
        },
        "itsdangerous": {
            "hashes": [
                "sha256:321b033d07f2a4136d3ec762eac9f16a10ccd60f53c0c91af90217ace7ba1f19",
                "sha256:b12271b2047cb23eeb98c8b5622e2e5c5e9abd9784a153e9d8ef9cb4dd09d749"
            ],
            "index": "pypi",
            "version": "==1.1.0"
        },
        "jinja2": {
            "hashes": [
                "sha256:74320bb91f31270f9551d46522e33af46a80c3d619f4a4bf42b3164d30b5911f",
                "sha256:9fe95f19286cfefaa917656583d020be14e7859c6b0252588391e47db34527de"
            ],
            "index": "pypi",
            "version": "==2.10.3"
        },
        "jsmin": {
            "hashes": [
                "sha256:b6df99b2cd1c75d9d342e4335b535789b8da9107ec748212706ef7bbe5c2553b"
            ],
            "index": "pypi",
            "version": "==2.2.2"
        },
        "kombu": {
            "hashes": [
                "sha256:2a9e7adff14d046c9996752b2c48b6d9185d0b992106d5160e1a179907a5d4ac",
                "sha256:67b32ccb6fea030f8799f8fd50dd08e03a4b99464ebc4952d71d8747b1a52ad1"
            ],
            "index": "pypi",
            "version": "==4.6.7"
        },
        "lesscpy": {
            "hashes": [
                "sha256:7b664f60818a16afa8cc9f1dd6d9b17f944e0ce94e50787d76f81bc7a8648cce",
                "sha256:b0f2f853ee1dfb0891b147b57028057d5389510e079581e7b533d07dc0d95d3e"
            ],
            "version": "==0.14.0"
        },
        "libsass": {
            "hashes": [
                "sha256:003a65b4facb4c5dbace53fb0f70f61c5aae056a04b4d112a198c3c9674b31f2",
                "sha256:0fb4399f7bbecab7b181f2c2d82c3a0ba2916bf9169714b96e425355a5b23b9f",
                "sha256:0fd8b4337b3b101c6e6afda9112cc0dc4bacb9133b59d75d65968c7317aa3272",
                "sha256:338e9ae066bf1fde874e335324d5355c52d2081d978b4f74fc59536564b35b08",
                "sha256:4dcfd561fb100250b89496e1362b96f2cc804f689a59731eb0f94f9a9e144f4a",
                "sha256:50778d4be269a021ba2bf42b5b8f6ff3704ab96a82175a052680bddf3ba7cc9f",
                "sha256:53f87116e7441827878bd79bbad8debac23e1930423f61ab8d837ec4a4c36e0c",
                "sha256:6a51393d75f6e3c812785b0fa0b7d67c54258c28011921f204643b55f7355ec0",
                "sha256:74acd9adf506142699dfa292f0e569fdccbd9e7cf619e8226f7117de73566e32",
                "sha256:81a013a4c2a614927fd1ef7a386eddabbba695cbb02defe8f31cf495106e974c",
                "sha256:845a9573b25c141164972d498855f4ad29367c09e6d76fad12955ad0e1c83013",
                "sha256:8b5b6d1a7c4ea1d954e0982b04474cc076286493f6af2d0a13c2e950fbe0be95",
                "sha256:9b59afa0d755089c4165516400a39a289b796b5612eeef5736ab7a1ebf96a67c",
                "sha256:a7e685466448c9b1bf98243339793978f654a1151eb5c975f09b83c7a226f4c1",
                "sha256:c93df526eeef90b1ea4799c1d33b6cd5aea3e9f4633738fb95c1287c13e6b404",
                "sha256:e318f06f06847ff49b1f8d086ac9ebce1e63404f7ea329adab92f4f16ba0e00e",
                "sha256:fc5f8336750f76f1bfae82f7e9e89ae71438d26fc4597e3ab4c05ca8fcd41d8a",
                "sha256:fcb7ab4dc81889e5fc99cafbc2017bc76996f9992fc6b175f7a80edac61d71df"
            ],
            "index": "pypi",
            "version": "==0.19.4"
        },
        "markdown": {
            "hashes": [
                "sha256:2e50876bcdd74517e7b71f3e7a76102050edec255b3983403f1a63e7c8a41e7a",
                "sha256:56a46ac655704b91e5b7e6326ce43d5ef72411376588afa1dd90e881b83c7e8c"
            ],
            "index": "pypi",
            "version": "==3.1.1"
        },
        "markupsafe": {
            "hashes": [
                "sha256:00bc623926325b26bb9605ae9eae8a215691f33cae5df11ca5424f06f2d1f473",
                "sha256:09027a7803a62ca78792ad89403b1b7a73a01c8cb65909cd876f7fcebd79b161",
                "sha256:09c4b7f37d6c648cb13f9230d847adf22f8171b1ccc4d5682398e77f40309235",
                "sha256:1027c282dad077d0bae18be6794e6b6b8c91d58ed8a8d89a89d59693b9131db5",
                "sha256:13d3144e1e340870b25e7b10b98d779608c02016d5184cfb9927a9f10c689f42",
                "sha256:24982cc2533820871eba85ba648cd53d8623687ff11cbb805be4ff7b4c971aff",
                "sha256:29872e92839765e546828bb7754a68c418d927cd064fd4708fab9fe9c8bb116b",
                "sha256:43a55c2930bbc139570ac2452adf3d70cdbb3cfe5912c71cdce1c2c6bbd9c5d1",
                "sha256:46c99d2de99945ec5cb54f23c8cd5689f6d7177305ebff350a58ce5f8de1669e",
                "sha256:500d4957e52ddc3351cabf489e79c91c17f6e0899158447047588650b5e69183",
                "sha256:535f6fc4d397c1563d08b88e485c3496cf5784e927af890fb3c3aac7f933ec66",
                "sha256:596510de112c685489095da617b5bcbbac7dd6384aeebeda4df6025d0256a81b",
                "sha256:62fe6c95e3ec8a7fad637b7f3d372c15ec1caa01ab47926cfdf7a75b40e0eac1",
                "sha256:6788b695d50a51edb699cb55e35487e430fa21f1ed838122d722e0ff0ac5ba15",
                "sha256:6dd73240d2af64df90aa7c4e7481e23825ea70af4b4922f8ede5b9e35f78a3b1",
                "sha256:717ba8fe3ae9cc0006d7c451f0bb265ee07739daf76355d06366154ee68d221e",
                "sha256:79855e1c5b8da654cf486b830bd42c06e8780cea587384cf6545b7d9ac013a0b",
                "sha256:7c1699dfe0cf8ff607dbdcc1e9b9af1755371f92a68f706051cc8c37d447c905",
                "sha256:88e5fcfb52ee7b911e8bb6d6aa2fd21fbecc674eadd44118a9cc3863f938e735",
                "sha256:8defac2f2ccd6805ebf65f5eeb132adcf2ab57aa11fdf4c0dd5169a004710e7d",
                "sha256:98c7086708b163d425c67c7a91bad6e466bb99d797aa64f965e9d25c12111a5e",
                "sha256:9add70b36c5666a2ed02b43b335fe19002ee5235efd4b8a89bfcf9005bebac0d",
                "sha256:9bf40443012702a1d2070043cb6291650a0841ece432556f784f004937f0f32c",
                "sha256:ade5e387d2ad0d7ebf59146cc00c8044acbd863725f887353a10df825fc8ae21",
                "sha256:b00c1de48212e4cc9603895652c5c410df699856a2853135b3967591e4beebc2",
                "sha256:b1282f8c00509d99fef04d8ba936b156d419be841854fe901d8ae224c59f0be5",
                "sha256:b2051432115498d3562c084a49bba65d97cf251f5a331c64a12ee7e04dacc51b",
                "sha256:ba59edeaa2fc6114428f1637ffff42da1e311e29382d81b339c1817d37ec93c6",
                "sha256:c8716a48d94b06bb3b2524c2b77e055fb313aeb4ea620c8dd03a105574ba704f",
                "sha256:cd5df75523866410809ca100dc9681e301e3c27567cf498077e8551b6d20e42f",
                "sha256:cdb132fc825c38e1aeec2c8aa9338310d29d337bebbd7baa06889d09a60a1fa2",
                "sha256:e249096428b3ae81b08327a63a485ad0878de3fb939049038579ac0ef61e17e7",
                "sha256:e8313f01ba26fbbe36c7be1966a7b7424942f670f38e666995b88d012765b9be"
            ],
            "index": "pypi",
            "version": "==1.1.1"
        },
        "marshmallow": {
            "hashes": [
                "sha256:67bf4cae9d3275b3fc74bd7ff88a7c98ee8c57c94b251a67b031dc293ecc4b76",
                "sha256:a2a5eefb4b75a3b43f05be1cca0b6686adf56af7465c3ca629e5ad8d1e1fe13d"
            ],
            "version": "==3.7.1"
        },
        "marshmallow-sqlalchemy": {
            "hashes": [
                "sha256:0d72beaf777f8b420c4dc94684252ae0e0a79556ccc4128129d2588f9ff72888",
                "sha256:93fd8fad2b33d92a1ae58328eeb0f39ed174858d82f9e7084a174df7b41fd3a4"
            ],
            "index": "pypi",
            "version": "==0.21.0"
        },
        "monotonic": {
            "hashes": [
                "sha256:23953d55076df038541e648a53676fb24980f7a1be290cdda21300b3bc21dfb0",
                "sha256:552a91f381532e33cbd07c6a2655a21908088962bb8fa7239ecbcc6ad1140cc7"
            ],
            "version": "==1.5"
        },
        "numpy": {
            "hashes": [
                "sha256:03bbde29ac8fba860bb2c53a1525b3604a9b60417855ac3119d89868ec6041c3",
                "sha256:1baefd1fb4695e7f2e305467dbd876d765e6edd30c522894df76f8301efaee36",
                "sha256:1c35fb1131362e6090d30286cfda52ddd42e69d3e2bf1fea190a0fad83ea3a18",
                "sha256:3c68c827689ca0ca713dba598335073ce0966850ec0b30715527dce4ecd84055",
                "sha256:443ab93fc35b31f01db8704681eb2fd82f3a1b2fa08eed2dd0e71f1f57423d4a",
                "sha256:56710a756c5009af9f35b91a22790701420406d9ac24cf6b652b0e22cfbbb7ff",
                "sha256:62506e9e4d2a39c87984f081a2651d4282a1d706b1a82fe9d50a559bb58e705a",
                "sha256:6f8113c8dbfc192b58996ee77333696469ea121d1c44ea429d8fd266e4c6be51",
                "sha256:712f0c32555132f4b641b918bdb1fd3c692909ae916a233ce7f50eac2de87e37",
                "sha256:854f6ed4fa91fa6da5d764558804ba5b0f43a51e5fe9fc4fdc93270b052f188a",
                "sha256:88c5ccbc4cadf39f32193a5ef22e3f84674418a9fd877c63322917ae8f295a56",
                "sha256:905cd6fa6ac14654a6a32b21fad34670e97881d832e24a3ca32e19b455edb4a8",
                "sha256:9d6de2ad782aae68f7ed0e0e616477fbf693d6d7cc5f0f1505833ff12f84a673",
                "sha256:a30f5c3e1b1b5d16ec1f03f4df28e08b8a7529d8c920bbed657f4fde61f1fbcd",
                "sha256:a9d72d9abaf65628f0f31bbb573b7d9304e43b1e6bbae43149c17737a42764c4",
                "sha256:ac3cf835c334fcc6b74dc4e630f9b5ff7b4c43f7fb2a7813208d95d4e10b5623",
                "sha256:b091e5d4cbbe79f0e8b6b6b522346e54a282eadb06e3fd761e9b6fafc2ca91ad",
                "sha256:cc070fc43a494e42732d6ae2f6621db040611c1dde64762a40c8418023af56d7",
                "sha256:e1080e37c090534adb2dd7ae1c59ee883e5d8c3e63d2a4d43c20ee348d0459c5",
                "sha256:f084d513de729ff10cd72a1f80db468cff464fedb1ef2fea030221a0f62d7ff4",
                "sha256:f6a7421da632fc01e8a3ecd19c3f7350258d82501a646747664bae9c6a87c731"
            ],
            "index": "pypi",
            "version": "==1.18.0"
        },
        "ply": {
            "hashes": [
                "sha256:00c7c1aaa88358b9c765b6d3000c6eec0ba42abca5351b095321aef446081da3",
                "sha256:096f9b8350b65ebd2fd1346b12452efe5b9607f7482813ffca50c22722a807ce"
            ],
            "version": "==3.11"
        },
        "psycopg2-binary": {
            "hashes": [
                "sha256:008da3ab51adc70a5f1cfbbe5db3a22607ab030eb44bcecf517ad11a0c2b3cac",
                "sha256:07cf82c870ec2d2ce94d18e70c13323c89f2f2a2628cbf1feee700630be2519a",
                "sha256:08507efbe532029adee21b8d4c999170a83760d38249936038bd0602327029b5",
                "sha256:107d9be3b614e52a192719c6bf32e8813030020ea1d1215daa86ded9a24d8b04",
                "sha256:17a0ea0b0eabf07035e5e0d520dabc7950aeb15a17c6d36128ba99b2721b25b1",
                "sha256:3286541b9d85a340ee4ed42732d15fc1bb441dc500c97243a768154ab8505bb5",
                "sha256:3939cf75fc89c5e9ed836e228c4a63604dff95ad19aed2bbf71d5d04c15ed5ce",
                "sha256:40abc319f7f26c042a11658bf3dd3b0b3bceccf883ec1c565d5c909a90204434",
                "sha256:51f7823f1b087d2020d8e8c9e6687473d3d239ba9afc162d9b2ab6e80b53f9f9",
                "sha256:6bb2dd006a46a4a4ce95201f836194eb6a1e863f69ee5bab506673e0ca767057",
                "sha256:702f09d8f77dc4794651f650828791af82f7c2efd8c91ae79e3d9fe4bb7d4c98",
                "sha256:7036ccf715925251fac969f4da9ad37e4b7e211b1e920860148a10c0de963522",
                "sha256:7b832d76cc65c092abd9505cc670c4e3421fd136fb6ea5b94efbe4c146572505",
                "sha256:8f74e631b67482d504d7e9cf364071fc5d54c28e79a093ff402d5f8f81e23bfa",
                "sha256:930315ac53dc65cbf52ab6b6d27422611f5fb461d763c531db229c7e1af6c0b3",
                "sha256:96d3038f5bd061401996614f65d27a4ecb62d843eb4f48e212e6d129171a721f",
                "sha256:a20299ee0ea2f9cca494396ac472d6e636745652a64a418b39522c120fd0a0a4",
                "sha256:a34826d6465c2e2bbe9d0605f944f19d2480589f89863ed5f091943be27c9de4",
                "sha256:a69970ee896e21db4c57e398646af9edc71c003bc52a3cc77fb150240fefd266",
                "sha256:b9a8b391c2b0321e0cd7ec6b4cfcc3dd6349347bd1207d48bcb752aa6c553a66",
                "sha256:ba13346ff6d3eb2dca0b6fa0d8a9d999eff3dcd9b55f3a890f12b0b6362b2b38",
                "sha256:bb0608694a91db1e230b4a314e8ed00ad07ed0c518f9a69b83af2717e31291a3",
                "sha256:c8830b7d5f16fd79d39b21e3d94f247219036b29b30c8270314c46bf8b732389",
                "sha256:cac918cd7c4c498a60f5d2a61d4f0a6091c2c9490d81bc805c963444032d0dab",
                "sha256:cc30cb900f42c8a246e2cb76539d9726f407330bc244ca7729c41a44e8d807fb",
                "sha256:ccdc6a87f32b491129ada4b87a43b1895cf2c20fdb7f98ad979647506ffc41b6",
                "sha256:d1a8b01f6a964fec702d6b6dac1f91f2b9f9fe41b310cbb16c7ef1fac82df06d",
                "sha256:e004db88e5a75e5fdab1620fb9f90c9598c2a195a594225ac4ed2a6f1c23e162",
                "sha256:eb2f43ae3037f1ef5e19339c41cf56947021ac892f668765cd65f8ab9814192e",
                "sha256:fa466306fcf6b39b8a61d003123d442b23707d635a5cb05ac4e1b62cc79105cd"
            ],
            "index": "pypi",
            "version": "==2.8.5"
        },
        "pyparsing": {
            "hashes": [
                "sha256:20f995ecd72f2a1f4bf6b072b63b22e2eb457836601e76d6e5dfcd75436acc1f",
                "sha256:4ca62001be367f01bd3e92ecbb79070272a9d4964dce6a48a82ff0b8bc7e683a"
            ],
            "index": "pypi",
            "version": "==2.4.5"
        },
        "pyscss": {
            "hashes": [
                "sha256:f1df571569021a23941a538eb154405dde80bed35dc1ea7c5f3e18e0144746bf"
            ],
            "index": "pypi",
            "version": "==1.3.7"
        },
        "python-dotenv": {
            "hashes": [
                "sha256:debd928b49dbc2bf68040566f55cdb3252458036464806f4094487244e2a4093",
                "sha256:f157d71d5fec9d4bd5f51c82746b6344dffa680ee85217c123f4a0c8117c4544"
            ],
            "index": "pypi",
            "version": "==0.10.3"
        },
        "python-engineio": {
            "hashes": [
                "sha256:36b33c6aa702d9b6a7f527eec6387a2da1a9a24484ec2f086d76576413cef04b",
                "sha256:cfded18156862f94544a9f8ef37f56727df731c8552d7023f5afee8369be2db6"
            ],
            "version": "==3.13.2"
        },
        "python-socketio": {
            "hashes": [
                "sha256:358d8fbbc029c4538ea25bcaa283e47f375be0017fcba829de8a3a731c9df25a",
                "sha256:d437f797c44b6efba2f201867cf02b8c96b97dff26d4e4281ac08b45817cd522"
            ],
            "version": "==4.6.0"
        },
        "pytz": {
            "hashes": [
                "sha256:1c557d7d0e871de1f5ccd5833f60fb2550652da6be2693c1e02300743d21500d",
                "sha256:b02c06db6cf09c12dd25137e563b31700d3b80fcc4ad23abb7a315f2789819be"
            ],
            "index": "pypi",
            "version": "==2019.3"
        },
        "pyyaml": {
            "hashes": [
                "sha256:06a0d7ba600ce0b2d2fe2e78453a470b5a6e000a985dd4a4e54e436cc36b0e97",
                "sha256:240097ff019d7c70a4922b6869d8a86407758333f02203e0fc6ff79c5dcede76",
                "sha256:4f4b913ca1a7319b33cfb1369e91e50354d6f07a135f3b901aca02aa95940bd2",
                "sha256:69f00dca373f240f842b2931fb2c7e14ddbacd1397d57157a9b005a6a9942648",
                "sha256:73f099454b799e05e5ab51423c7bcf361c58d3206fa7b0d555426b1f4d9a3eaf",
                "sha256:74809a57b329d6cc0fdccee6318f44b9b8649961fa73144a98735b0aaf029f1f",
                "sha256:7739fc0fa8205b3ee8808aea45e968bc90082c10aef6ea95e855e10abf4a37b2",
                "sha256:95f71d2af0ff4227885f7a6605c37fd53d3a106fcab511b8860ecca9fcf400ee",
                "sha256:b8eac752c5e14d3eca0e6dd9199cd627518cb5ec06add0de9d32baeee6fe645d",
                "sha256:cc8955cfbfc7a115fa81d85284ee61147059a753344bc51098f3ccd69b0d7e0c",
                "sha256:d13155f591e6fcc1ec3b30685d50bf0711574e2c0dfffd7644babf8b5102ca1a"
            ],
            "index": "pypi",
            "version": "==5.3.1"
        },
        "redis": {
            "hashes": [
                "sha256:3613daad9ce5951e426f460deddd5caf469e08a3af633e9578fc77d362becf62",
                "sha256:8d0fc278d3f5e1249967cba2eb4a5632d19e45ce5c09442b8422d15ee2c22cc2"
            ],
            "index": "pypi",
            "version": "==3.3.11"
        },
        "requests": {
            "hashes": [
                "sha256:11e007a8a2aa0323f5a921e9e6a2d7e4e67d9877e85773fba9ba6419025cbeb4",
                "sha256:9cf5292fcd0f598c671cfc1e0d7d1a7f13bb8085e9a590f48c010551dc6c4b31"
            ],
            "index": "pypi",
            "version": "==2.22.0"
        },
        "scipy": {
            "hashes": [
                "sha256:00af72998a46c25bdb5824d2b729e7dabec0c765f9deb0b504f928591f5ff9d4",
                "sha256:0902a620a381f101e184a958459b36d3ee50f5effd186db76e131cbefcbb96f7",
                "sha256:1e3190466d669d658233e8a583b854f6386dd62d655539b77b3fa25bfb2abb70",
                "sha256:2cce3f9847a1a51019e8c5b47620da93950e58ebc611f13e0d11f4980ca5fecb",
                "sha256:3092857f36b690a321a662fe5496cb816a7f4eecd875e1d36793d92d3f884073",
                "sha256:386086e2972ed2db17cebf88610aab7d7f6e2c0ca30042dc9a89cf18dcc363fa",
                "sha256:71eb180f22c49066f25d6df16f8709f215723317cc951d99e54dc88020ea57be",
                "sha256:770254a280d741dd3436919d47e35712fb081a6ff8bafc0f319382b954b77802",
                "sha256:787cc50cab3020a865640aba3485e9fbd161d4d3b0d03a967df1a2881320512d",
                "sha256:8a07760d5c7f3a92e440ad3aedcc98891e915ce857664282ae3c0220f3301eb6",
                "sha256:8d3bc3993b8e4be7eade6dcc6fd59a412d96d3a33fa42b0fa45dc9e24495ede9",
                "sha256:9508a7c628a165c2c835f2497837bf6ac80eb25291055f56c129df3c943cbaf8",
                "sha256:a144811318853a23d32a07bc7fd5561ff0cac5da643d96ed94a4ffe967d89672",
                "sha256:a1aae70d52d0b074d8121333bc807a485f9f1e6a69742010b33780df2e60cfe0",
                "sha256:a2d6df9eb074af7f08866598e4ef068a2b310d98f87dc23bd1b90ec7bdcec802",
                "sha256:bb517872058a1f087c4528e7429b4a44533a902644987e7b2fe35ecc223bc408",
                "sha256:c5cac0c0387272ee0e789e94a570ac51deb01c796b37fb2aad1fb13f85e2f97d",
                "sha256:cc971a82ea1170e677443108703a2ec9ff0f70752258d0e9f5433d00dda01f59",
                "sha256:dba8306f6da99e37ea08c08fef6e274b5bf8567bb094d1dbe86a20e532aca088",
                "sha256:dc60bb302f48acf6da8ca4444cfa17d52c63c5415302a9ee77b3b21618090521",
                "sha256:dee1bbf3a6c8f73b6b218cb28eed8dd13347ea2f87d572ce19b289d6fd3fbc59"
            ],
            "index": "pypi",
            "version": "==1.4.1"
        },
        "six": {
            "hashes": [
                "sha256:1f1b7d42e254082a9db6279deae68afb421ceba6158efa6131de7b3003ee93fd",
                "sha256:30f610279e8b2578cab6db20741130331735c781b56053c59c4076da27f06b66"
            ],
            "index": "pypi",
            "version": "==1.13.0"
        },
        "sqlalchemy": {
            "hashes": [
                "sha256:bfb8f464a5000b567ac1d350b9090cf081180ec1ab4aa87e7bca12dab25320ec"
            ],
            "index": "pypi",
            "version": "==1.3.12"
        },
        "urllib3": {
            "hashes": [
                "sha256:2f3db8b19923a873b3e5256dc9c2dedfa883e33d87c690d9c7913e1f40673cdc",
                "sha256:87716c2d2a7121198ebcb7ce7cccf6ce5e9ba539041cfbaeecfb641dc0bf6acc"
            ],
            "index": "pypi",
            "version": "==1.25.8"
        },
        "vine": {
            "hashes": [
                "sha256:133ee6d7a9016f177ddeaf191c1f58421a1dcc6ee9a42c58b34bed40e1d2cd87",
                "sha256:ea4947cc56d1fd6f2095c8d543ee25dad966f78692528e68b4fada11ba3f98af"
            ],
            "index": "pypi",
            "version": "==1.3.0"
        },
        "webassets": {
            "hashes": [
                "sha256:167132337677c8cedc9705090f6d48da3fb262c8e0b2773b29f3352f050181cd",
                "sha256:a31a55147752ba1b3dc07dee0ad8c8efff274464e08bbdb88c1fd59ffd552724"
            ],
            "index": "pypi",
            "version": "==2.0"
        },
        "werkzeug": {
            "hashes": [
                "sha256:7280924747b5733b246fe23972186c6b348f9ae29724135a6dfc1e53cea433e7",
                "sha256:e5f4a1f98b52b18a93da705a7458e55afb26f32bff83ff5d19189f92462d65c4"
            ],
            "index": "pypi",
            "version": "==0.16.0"
        },
        "xlrd": {
            "hashes": [
                "sha256:546eb36cee8db40c3eaa46c351e67ffee6eeb5fa2650b71bc4c758a29a1b29b2",
                "sha256:e551fb498759fa3a5384a94ccd4c3c02eb7c00ea424426e212ac0c57be9dfbde"
            ],
            "index": "pypi",
            "version": "==1.2.0"
        },
        "xxhash": {
            "hashes": [
                "sha256:02476c5cef803cfd1350662b1e543e47ad64bd5f7f792033d94d590f9674da11",
                "sha256:0ecea927fd3df8f3f3a1d6e5bc85838eb44a69ea2f4c9263dfd0f68c4e17e483",
                "sha256:0f5f1b9ae8e2cf2ff606018769f7e46147df70291312f64e1b80d10482ca8c0b",
                "sha256:16e4b7d508bb49b6fc84bf077f2f7f51263b5618cc61f33a64ed43786ec2c6cf",
                "sha256:1b86f49b36c25ebdbd1b5539d428a37d9051ad49eb576a3edd964a8770bc8f3a",
                "sha256:28c1f0bb6dadc11162d1f2e203d7a12d38b511b87fbb5ffa729594fd456f48e6",
                "sha256:2912d7810bcf7e39b3929fb186fe46ff83b1bd4a3d6b7eba956d57fa1516ac0c",
                "sha256:2f0ca6673fcbae988389576a779c00a62a28718a18ddc7b2e5b32d7fb30c6f98",
                "sha256:3221f1a5bc2ee1f150b84a0c4c7cddc7724aaa01460f3353cf63fd667d89f593",
                "sha256:33c4832e689f429539d70baf69162b41dfbabc7f31ca542b5b772cb8a55e7a79",
                "sha256:3d25b540148f1ebf4852e4115f3f4819b585ecd36f121a1f388e8966d69d3a1c",
                "sha256:3f29f6d455388cc415fe52c0f63f442aaea674cee35a2252d8d4dc8d640938c6",
                "sha256:4167f22b037e128820f7642ecc1fbf1b4b4956346093a2e75081bee82b9cfb7e",
                "sha256:44b26872fd63f1eaf1ab527817aebbd455a3fdcbd56ff6df74fd42a6a137cff4",
                "sha256:48b99c55fc643b32f5efca9c35fcaac6ea553958cf503e202c10eb62718e7a0e",
                "sha256:58ca818554c1476fa1456f6cd4b87002e2294f09baf0f81e5a2a4968e62c423c",
                "sha256:5b3c0c84187556d463626ceed85f0d735a5b8ea1678da3e858d3934f38f23915",
                "sha256:5d2edbb50025a67f061d09d381c54c7d0948c1572f6c9bd15ee238a303d368d9",
                "sha256:635b1d7fa85d215112f41d089bd113ac139f6a42769fcc49c73e779904160f7f",
                "sha256:7291392bdb1d38c44557dfd3fcd4fd04c363a696dbfa7e6592700a31e4ff6657",
                "sha256:7709bc8a5e30c74b07203553f33232531e7739458f72204908cedb08a00bd546",
                "sha256:7943ede91d8aedfcacb7178b2d881b7498145590206ff61c3e84dc66e6a51d6a",
                "sha256:80903d4ce7337921bbc8e5ac695b45691b43c0a00b21964c76e19ea21b9108ea",
                "sha256:82034c9ed54db20f051133cba01de959b5208fe2900e67ebb4c9631f1fd523fd",
                "sha256:85c5de6c56335b75beef2cba713f95a1b62422be5e27dad30b5083419c6839c4",
                "sha256:8b7e930a60dfe7380e52466aa27941290dd575a5750c622158c86941797eaa1b",
                "sha256:8f90deec6567a38e1da29feff36973468691e309b2db8235e64936e61df77c43",
                "sha256:922ae5b1efa1f9a9cc959f7197113a623ad110853622e990433242a9d8d00d5c",
                "sha256:99b5412a3eddb1aa9aaf36cdbf93be4eca99ad83ff8c692672fdeedc7fb597de",
                "sha256:9d0311fcd78dabe04ab3b4034659628b00ac220e77e37648f73aebbf4cb13680",
                "sha256:ade1c356acd0b0454a3d3cf42442afe7ad0f46fc944ea1e84720b3858bfdb772",
                "sha256:b5c2edb8b0a2acc5bdac984b3177711f206463b970aa03087221771c2b0d8f1d",
                "sha256:b94f13f4f946500f3cc78f11da4ec4b340bd92c5200b5fe4e6aeac96064aa1fd",
                "sha256:bcd1e9f3ba8df23edefe1d0a886f16b4e27602acbd8575b39540fea26e1aa6d2",
                "sha256:bdbc195231c87d63b0503785d9c5264f4275a92da41d9f28fdf08fb321453356",
                "sha256:bde4d39997de901d0a66ebd631b34f9cf106676fec0878f36b7baf630cb3965a",
                "sha256:be93004b832717234a7d2f47dc555428ab1e8712f99cad7d212cebe0e27d3d48",
                "sha256:bf360465dc3d24b1501b799c85815c82ddcfc0ffbcba0232968f3a7cd64306fc",
                "sha256:cb4feeb8881eb89b9ddd0fae797deb078ebdaad6b1ae6c185b9993d241ed365a",
                "sha256:cba4b6d174b524623ac8b64bda734601d574f95033f87ddf9c495c69a70135e8",
                "sha256:d1859d54837af16ae2a7975477e619793ac698a374d909f533e317c3b384b223",
                "sha256:df8d1ebdef86bd5d772d81c91d5d111a5ee8e4b68b8fc6b6edfa5aa825dd2a3d",
                "sha256:e0fc170c3a00ca008d992c2e6324da3f1467b30044b5835d2feb27870645d38c",
                "sha256:e296b0dee072a54c40c04f09ca35bb9902bb74b54f0fffeafabfc937b3ec85f9",
                "sha256:e37b25182e969212d5aec60a8da7d1e6a960dbffdb9ba4c63e2240de3605c184",
                "sha256:f01c59f5bad2e46bb4235b71b36c56be353f08b6d514a3bd0deb9bf56e4b180a",
                "sha256:fabee25186b6649bbf6ff258f23941339902374786f8317b0422144ddaa505df",
                "sha256:fb3c9760598009b1d8bbe57785e278aeb956efb7372d8f9b0bb43cd46f420dff",
                "sha256:fc03a399205268815742125b17d967afa9f23b08cdafe185e41368cf7ba9b278",
                "sha256:fca7d0fb6fde33d1ac5f97298f44e711e5fe1b4587832864be8c6545cb072a54"
            ],
            "version": "==2.0.0"
        },
        "zipp": {
            "hashes": [
                "sha256:aa36550ff0c0b7ef7fa639055d797116ee891440eac1a56f378e2d3179e0320b",
                "sha256:c599e4d75c98f6798c509911d08a22e6c021d074469042177c8c86fb92eefd96"
            ],
            "version": "==3.1.0"
        }
    },
    "develop": {}
}
